
Microsoft Visual Studio Solution File, Format Version 12.00
# Visual Studio Version 16
VisualStudioVersion = 16.0.29926.136
MinimumVisualStudioVersion = 10.0.40219.1
Project("{8BC9CEB8-8B4A-11D0-8D11-00A0C91BC942}") = "ourxref", "ourxref.vcxproj", "{747D38FC-886F-406F-9F69-2E45D26BDB56}"
EndProject
Global
	GlobalSection(SolutionConfigurationPlatforms) = preSolution
		Debug|x64 = Debug|x64
		Debug|x86 = Debug|x86
		Release|x64 = Release|x64
		Release|x86 = Release|x86
	EndGlobalSection
	GlobalSection(ProjectConfigurationPlatforms) = postSolution
		{747D38FC-886F-406F-9F69-2E45D26BDB56}.Debug|x64.ActiveCfg = Debug|x64
		{747D38FC-886F-406F-9F69-2E45D26BDB56}.Debug|x64.Build.0 = Debug|x64
		{747D38FC-886F-406F-9F69-2E45D26BDB56}.Debug|x86.ActiveCfg = Debug|Win32
		{747D38FC-886F-406F-9F69-2E45D26BDB56}.Debug|x86.Build.0 = Debug|Win32
		{747D38FC-886F-406F-9F69-2E45D26BDB56}.Release|x64.ActiveCfg = Release|x64
		{747D38FC-886F-406F-9F69-2E45D26BDB56}.Release|x64.Build.0 = Release|x64
		{747D38FC-886F-406F-9F69-2E45D26BDB56}.Release|x86.ActiveCfg = Release|Win32
		{747D38FC-886F-406F-9F69-2E45D26BDB56}.Release|x86.Build.0 = Release|Win32
	EndGlobalSection
	GlobalSection(SolutionProperties) = preSolution
		HideSolutionNode = FALSE
	EndGlobalSection
	GlobalSection(ExtensibilityGlobals) = postSolution
		SolutionGuid = {F56141D6-9548-4F43-8EB1-9409E6DEEF13}
	EndGlobalSection
EndGlobal
